// !$*UTF8*$!
{
	archiveVersion = 1;
	classes = {
	};
	objectVersion = 46;
	objects = {

/* Begin PBXFileReference section */
		1BE5D4F71FBE1BB00011641F /* ft_atoi.c */ = {isa = PBXFileReference; lastKnownFileType = sourcecode.c.c; path = ft_atoi.c; sourceTree = "<group>"; };
		1BE5D4F81FBE1BB00011641F /* ft_atoi_16.c */ = {isa = PBXFileReference; lastKnownFileType = sourcecode.c.c; path = ft_atoi_16.c; sourceTree = "<group>"; };
		1BE5D4F91FBE1BB00011641F /* ft_atoi_base.c */ = {isa = PBXFileReference; lastKnownFileType = sourcecode.c.c; path = ft_atoi_base.c; sourceTree = "<group>"; };
		1BE5D4FA1FBE1BB00011641F /* ft_bzero.c */ = {isa = PBXFileReference; lastKnownFileType = sourcecode.c.c; path = ft_bzero.c; sourceTree = "<group>"; };
		1BE5D4FB1FBE1BB00011641F /* ft_isalnum.c */ = {isa = PBXFileReference; lastKnownFileType = sourcecode.c.c; path = ft_isalnum.c; sourceTree = "<group>"; };
		1BE5D4FC1FBE1BB00011641F /* ft_isalpha.c */ = {isa = PBXFileReference; lastKnownFileType = sourcecode.c.c; path = ft_isalpha.c; sourceTree = "<group>"; };
		1BE5D4FD1FBE1BB00011641F /* ft_isascii.c */ = {isa = PBXFileReference; lastKnownFileType = sourcecode.c.c; path = ft_isascii.c; sourceTree = "<group>"; };
		1BE5D4FE1FBE1BB00011641F /* ft_isdigit.c */ = {isa = PBXFileReference; lastKnownFileType = sourcecode.c.c; path = ft_isdigit.c; sourceTree = "<group>"; };
		1BE5D4FF1FBE1BB00011641F /* ft_isprint.c */ = {isa = PBXFileReference; lastKnownFileType = sourcecode.c.c; path = ft_isprint.c; sourceTree = "<group>"; };
		1BE5D5001FBE1BB00011641F /* ft_itoa.c */ = {isa = PBXFileReference; lastKnownFileType = sourcecode.c.c; path = ft_itoa.c; sourceTree = "<group>"; };
		1BE5D5011FBE1BB00011641F /* ft_lstadd.c */ = {isa = PBXFileReference; lastKnownFileType = sourcecode.c.c; path = ft_lstadd.c; sourceTree = "<group>"; };
		1BE5D5021FBE1BB00011641F /* ft_lstdel.c */ = {isa = PBXFileReference; lastKnownFileType = sourcecode.c.c; path = ft_lstdel.c; sourceTree = "<group>"; };
		1BE5D5031FBE1BB00011641F /* ft_lstdelone.c */ = {isa = PBXFileReference; lastKnownFileType = sourcecode.c.c; path = ft_lstdelone.c; sourceTree = "<group>"; };
		1BE5D5041FBE1BB00011641F /* ft_lstiter.c */ = {isa = PBXFileReference; lastKnownFileType = sourcecode.c.c; path = ft_lstiter.c; sourceTree = "<group>"; };
		1BE5D5051FBE1BB00011641F /* ft_lstlen.c */ = {isa = PBXFileReference; lastKnownFileType = sourcecode.c.c; path = ft_lstlen.c; sourceTree = "<group>"; };
		1BE5D5061FBE1BB00011641F /* ft_lstmap.c */ = {isa = PBXFileReference; lastKnownFileType = sourcecode.c.c; path = ft_lstmap.c; sourceTree = "<group>"; };
		1BE5D5071FBE1BB00011641F /* ft_lstnew.c */ = {isa = PBXFileReference; lastKnownFileType = sourcecode.c.c; path = ft_lstnew.c; sourceTree = "<group>"; };
		1BE5D5081FBE1BB00011641F /* ft_lstpush.c */ = {isa = PBXFileReference; lastKnownFileType = sourcecode.c.c; path = ft_lstpush.c; sourceTree = "<group>"; };
		1BE5D5091FBE1BB00011641F /* ft_memalloc.c */ = {isa = PBXFileReference; lastKnownFileType = sourcecode.c.c; path = ft_memalloc.c; sourceTree = "<group>"; };
		1BE5D50A1FBE1BB00011641F /* ft_memccpy.c */ = {isa = PBXFileReference; lastKnownFileType = sourcecode.c.c; path = ft_memccpy.c; sourceTree = "<group>"; };
		1BE5D50B1FBE1BB00011641F /* ft_memchr.c */ = {isa = PBXFileReference; lastKnownFileType = sourcecode.c.c; path = ft_memchr.c; sourceTree = "<group>"; };
		1BE5D50C1FBE1BB00011641F /* ft_memcmp.c */ = {isa = PBXFileReference; lastKnownFileType = sourcecode.c.c; path = ft_memcmp.c; sourceTree = "<group>"; };
		1BE5D50D1FBE1BB00011641F /* ft_memcpy.c */ = {isa = PBXFileReference; lastKnownFileType = sourcecode.c.c; path = ft_memcpy.c; sourceTree = "<group>"; };
		1BE5D50E1FBE1BB00011641F /* ft_memdel.c */ = {isa = PBXFileReference; lastKnownFileType = sourcecode.c.c; path = ft_memdel.c; sourceTree = "<group>"; };
		1BE5D50F1FBE1BB00011641F /* ft_memmove.c */ = {isa = PBXFileReference; lastKnownFileType = sourcecode.c.c; path = ft_memmove.c; sourceTree = "<group>"; };
		1BE5D5101FBE1BB00011641F /* ft_memnclr.c */ = {isa = PBXFileReference; lastKnownFileType = sourcecode.c.c; path = ft_memnclr.c; sourceTree = "<group>"; };
		1BE5D5111FBE1BB00011641F /* ft_memset.c */ = {isa = PBXFileReference; lastKnownFileType = sourcecode.c.c; path = ft_memset.c; sourceTree = "<group>"; };
		1BE5D5121FBE1BB00011641F /* ft_printf.c */ = {isa = PBXFileReference; lastKnownFileType = sourcecode.c.c; path = ft_printf.c; sourceTree = "<group>"; };
		1BE5D5131FBE1BB00011641F /* ft_printf_data_c.c */ = {isa = PBXFileReference; lastKnownFileType = sourcecode.c.c; path = ft_printf_data_c.c; sourceTree = "<group>"; };
		1BE5D5141FBE1BB00011641F /* ft_printf_data_d.c */ = {isa = PBXFileReference; lastKnownFileType = sourcecode.c.c; path = ft_printf_data_d.c; sourceTree = "<group>"; };
		1BE5D5151FBE1BB00011641F /* ft_printf_data_p_u_x_o.c */ = {isa = PBXFileReference; lastKnownFileType = sourcecode.c.c; path = ft_printf_data_p_u_x_o.c; sourceTree = "<group>"; };
		1BE5D5161FBE1BB00011641F /* ft_printf_data_print.c */ = {isa = PBXFileReference; lastKnownFileType = sourcecode.c.c; path = ft_printf_data_print.c; sourceTree = "<group>"; };
		1BE5D5171FBE1BB00011641F /* ft_printf_data_s_wchar_t.c */ = {isa = PBXFileReference; lastKnownFileType = sourcecode.c.c; path = ft_printf_data_s_wchar_t.c; sourceTree = "<group>"; };
		1BE5D5181FBE1BB00011641F /* ft_printf_format_parsing.c */ = {isa = PBXFileReference; lastKnownFileType = sourcecode.c.c; path = ft_printf_format_parsing.c; sourceTree = "<group>"; };
		1BE5D5191FBE1BB00011641F /* ft_printf_help1.c */ = {isa = PBXFileReference; lastKnownFileType = sourcecode.c.c; path = ft_printf_help1.c; sourceTree = "<group>"; };
		1BE5D51A1FBE1BB00011641F /* ft_printf_itoa.c */ = {isa = PBXFileReference; lastKnownFileType = sourcecode.c.c; path = ft_printf_itoa.c; sourceTree = "<group>"; };
		1BE5D51B1FBE1BB00011641F /* ft_printf_itoa_unsigned.c */ = {isa = PBXFileReference; lastKnownFileType = sourcecode.c.c; path = ft_printf_itoa_unsigned.c; sourceTree = "<group>"; };
		1BE5D51C1FBE1BB00011641F /* ft_printf_make_mem.c */ = {isa = PBXFileReference; lastKnownFileType = sourcecode.c.c; path = ft_printf_make_mem.c; sourceTree = "<group>"; };
		1BE5D51D1FBE1BB00011641F /* ft_printf_split_format.c */ = {isa = PBXFileReference; lastKnownFileType = sourcecode.c.c; path = ft_printf_split_format.c; sourceTree = "<group>"; };
		1BE5D51E1FBE1BB00011641F /* ft_putchar.c */ = {isa = PBXFileReference; lastKnownFileType = sourcecode.c.c; path = ft_putchar.c; sourceTree = "<group>"; };
		1BE5D51F1FBE1BB00011641F /* ft_putchar_fd.c */ = {isa = PBXFileReference; lastKnownFileType = sourcecode.c.c; path = ft_putchar_fd.c; sourceTree = "<group>"; };
		1BE5D5201FBE1BB00011641F /* ft_putendl.c */ = {isa = PBXFileReference; lastKnownFileType = sourcecode.c.c; path = ft_putendl.c; sourceTree = "<group>"; };
		1BE5D5211FBE1BB00011641F /* ft_putendl_fd.c */ = {isa = PBXFileReference; lastKnownFileType = sourcecode.c.c; path = ft_putendl_fd.c; sourceTree = "<group>"; };
		1BE5D5221FBE1BB00011641F /* ft_putnbr.c */ = {isa = PBXFileReference; lastKnownFileType = sourcecode.c.c; path = ft_putnbr.c; sourceTree = "<group>"; };
		1BE5D5231FBE1BB00011641F /* ft_putnbr_fd.c */ = {isa = PBXFileReference; lastKnownFileType = sourcecode.c.c; path = ft_putnbr_fd.c; sourceTree = "<group>"; };
		1BE5D5241FBE1BB00011641F /* ft_putstr.c */ = {isa = PBXFileReference; lastKnownFileType = sourcecode.c.c; path = ft_putstr.c; sourceTree = "<group>"; };
		1BE5D5251FBE1BB00011641F /* ft_putstr_fd.c */ = {isa = PBXFileReference; lastKnownFileType = sourcecode.c.c; path = ft_putstr_fd.c; sourceTree = "<group>"; };
		1BE5D5261FBE1BB00011641F /* ft_strcat.c */ = {isa = PBXFileReference; lastKnownFileType = sourcecode.c.c; path = ft_strcat.c; sourceTree = "<group>"; };
		1BE5D5271FBE1BB00011641F /* ft_strchr.c */ = {isa = PBXFileReference; lastKnownFileType = sourcecode.c.c; path = ft_strchr.c; sourceTree = "<group>"; };
		1BE5D5281FBE1BB00011641F /* ft_strclr.c */ = {isa = PBXFileReference; lastKnownFileType = sourcecode.c.c; path = ft_strclr.c; sourceTree = "<group>"; };
		1BE5D5291FBE1BB00011641F /* ft_strcmp.c */ = {isa = PBXFileReference; lastKnownFileType = sourcecode.c.c; path = ft_strcmp.c; sourceTree = "<group>"; };
		1BE5D52A1FBE1BB00011641F /* ft_strcpy.c */ = {isa = PBXFileReference; lastKnownFileType = sourcecode.c.c; path = ft_strcpy.c; sourceTree = "<group>"; };
		1BE5D52B1FBE1BB00011641F /* ft_strdel.c */ = {isa = PBXFileReference; lastKnownFileType = sourcecode.c.c; path = ft_strdel.c; sourceTree = "<group>"; };
		1BE5D52C1FBE1BB00011641F /* ft_strdup.c */ = {isa = PBXFileReference; lastKnownFileType = sourcecode.c.c; path = ft_strdup.c; sourceTree = "<group>"; };
		1BE5D52D1FBE1BB00011641F /* ft_strequ.c */ = {isa = PBXFileReference; lastKnownFileType = sourcecode.c.c; path = ft_strequ.c; sourceTree = "<group>"; };
		1BE5D52E1FBE1BB00011641F /* ft_striter.c */ = {isa = PBXFileReference; lastKnownFileType = sourcecode.c.c; path = ft_striter.c; sourceTree = "<group>"; };
		1BE5D52F1FBE1BB00011641F /* ft_striteri.c */ = {isa = PBXFileReference; lastKnownFileType = sourcecode.c.c; path = ft_striteri.c; sourceTree = "<group>"; };
		1BE5D5301FBE1BB00011641F /* ft_strjoin.c */ = {isa = PBXFileReference; lastKnownFileType = sourcecode.c.c; path = ft_strjoin.c; sourceTree = "<group>"; };
		1BE5D5311FBE1BB00011641F /* ft_strlcat.c */ = {isa = PBXFileReference; lastKnownFileType = sourcecode.c.c; path = ft_strlcat.c; sourceTree = "<group>"; };
		1BE5D5321FBE1BB00011641F /* ft_strlen.c */ = {isa = PBXFileReference; lastKnownFileType = sourcecode.c.c; path = ft_strlen.c; sourceTree = "<group>"; };
		1BE5D5331FBE1BB00011641F /* ft_strlenint.c */ = {isa = PBXFileReference; lastKnownFileType = sourcecode.c.c; path = ft_strlenint.c; sourceTree = "<group>"; };
		1BE5D5341FBE1BB00011641F /* ft_strmap.c */ = {isa = PBXFileReference; lastKnownFileType = sourcecode.c.c; path = ft_strmap.c; sourceTree = "<group>"; };
		1BE5D5351FBE1BB00011641F /* ft_strmapi.c */ = {isa = PBXFileReference; lastKnownFileType = sourcecode.c.c; path = ft_strmapi.c; sourceTree = "<group>"; };
		1BE5D5361FBE1BB00011641F /* ft_strncat.c */ = {isa = PBXFileReference; lastKnownFileType = sourcecode.c.c; path = ft_strncat.c; sourceTree = "<group>"; };
		1BE5D5371FBE1BB00011641F /* ft_strncmp.c */ = {isa = PBXFileReference; lastKnownFileType = sourcecode.c.c; path = ft_strncmp.c; sourceTree = "<group>"; };
		1BE5D5381FBE1BB00011641F /* ft_strncpy.c */ = {isa = PBXFileReference; lastKnownFileType = sourcecode.c.c; path = ft_strncpy.c; sourceTree = "<group>"; };
		1BE5D5391FBE1BB00011641F /* ft_strnequ.c */ = {isa = PBXFileReference; lastKnownFileType = sourcecode.c.c; path = ft_strnequ.c; sourceTree = "<group>"; };
		1BE5D53A1FBE1BB00011641F /* ft_strnew.c */ = {isa = PBXFileReference; lastKnownFileType = sourcecode.c.c; path = ft_strnew.c; sourceTree = "<group>"; };
		1BE5D53B1FBE1BB00011641F /* ft_strnstr.c */ = {isa = PBXFileReference; lastKnownFileType = sourcecode.c.c; path = ft_strnstr.c; sourceTree = "<group>"; };
		1BE5D53C1FBE1BB00011641F /* ft_strrchr.c */ = {isa = PBXFileReference; lastKnownFileType = sourcecode.c.c; path = ft_strrchr.c; sourceTree = "<group>"; };
		1BE5D53D1FBE1BB00011641F /* ft_strsplit.c */ = {isa = PBXFileReference; lastKnownFileType = sourcecode.c.c; path = ft_strsplit.c; sourceTree = "<group>"; };
		1BE5D53E1FBE1BB00011641F /* ft_strstr.c */ = {isa = PBXFileReference; lastKnownFileType = sourcecode.c.c; path = ft_strstr.c; sourceTree = "<group>"; };
		1BE5D53F1FBE1BB00011641F /* ft_strsub.c */ = {isa = PBXFileReference; lastKnownFileType = sourcecode.c.c; path = ft_strsub.c; sourceTree = "<group>"; };
		1BE5D5401FBE1BB00011641F /* ft_strtrim.c */ = {isa = PBXFileReference; lastKnownFileType = sourcecode.c.c; path = ft_strtrim.c; sourceTree = "<group>"; };
		1BE5D5411FBE1BB00011641F /* ft_tolower.c */ = {isa = PBXFileReference; lastKnownFileType = sourcecode.c.c; path = ft_tolower.c; sourceTree = "<group>"; };
		1BE5D5421FBE1BB00011641F /* ft_toupper.c */ = {isa = PBXFileReference; lastKnownFileType = sourcecode.c.c; path = ft_toupper.c; sourceTree = "<group>"; };
		1BE5D5431FBE1BB00011641F /* get_next_line.c */ = {isa = PBXFileReference; lastKnownFileType = sourcecode.c.c; path = get_next_line.c; sourceTree = "<group>"; };
		1BE5D5441FBE1BB00011641F /* libft.h */ = {isa = PBXFileReference; lastKnownFileType = sourcecode.c.h; path = libft.h; sourceTree = "<group>"; };
		1BE5D5451FBE1BB00011641F /* Makefile */ = {isa = PBXFileReference; lastKnownFileType = sourcecode.make; path = Makefile; sourceTree = "<group>"; };
/* End PBXFileReference section */

/* Begin PBXGroup section */
		1BE5D4F11FBE1BB00011641F = {
			isa = PBXGroup;
			children = (
				1BE5D4F71FBE1BB00011641F /* ft_atoi.c */,
				1BE5D4F81FBE1BB00011641F /* ft_atoi_16.c */,
				1BE5D4F91FBE1BB00011641F /* ft_atoi_base.c */,
				1BE5D4FA1FBE1BB00011641F /* ft_bzero.c */,
				1BE5D4FB1FBE1BB00011641F /* ft_isalnum.c */,
				1BE5D4FC1FBE1BB00011641F /* ft_isalpha.c */,
				1BE5D4FD1FBE1BB00011641F /* ft_isascii.c */,
				1BE5D4FE1FBE1BB00011641F /* ft_isdigit.c */,
				1BE5D4FF1FBE1BB00011641F /* ft_isprint.c */,
				1BE5D5001FBE1BB00011641F /* ft_itoa.c */,
				1BE5D5011FBE1BB00011641F /* ft_lstadd.c */,
				1BE5D5021FBE1BB00011641F /* ft_lstdel.c */,
				1BE5D5031FBE1BB00011641F /* ft_lstdelone.c */,
				1BE5D5041FBE1BB00011641F /* ft_lstiter.c */,
				1BE5D5051FBE1BB00011641F /* ft_lstlen.c */,
				1BE5D5061FBE1BB00011641F /* ft_lstmap.c */,
				1BE5D5071FBE1BB00011641F /* ft_lstnew.c */,
				1BE5D5081FBE1BB00011641F /* ft_lstpush.c */,
				1BE5D5091FBE1BB00011641F /* ft_memalloc.c */,
				1BE5D50A1FBE1BB00011641F /* ft_memccpy.c */,
				1BE5D50B1FBE1BB00011641F /* ft_memchr.c */,
				1BE5D50C1FBE1BB00011641F /* ft_memcmp.c */,
				1BE5D50D1FBE1BB00011641F /* ft_memcpy.c */,
				1BE5D50E1FBE1BB00011641F /* ft_memdel.c */,
				1BE5D50F1FBE1BB00011641F /* ft_memmove.c */,
				1BE5D5101FBE1BB00011641F /* ft_memnclr.c */,
				1BE5D5111FBE1BB00011641F /* ft_memset.c */,
				1BE5D5121FBE1BB00011641F /* ft_printf.c */,
				1BE5D5131FBE1BB00011641F /* ft_printf_data_c.c */,
				1BE5D5141FBE1BB00011641F /* ft_printf_data_d.c */,
				1BE5D5151FBE1BB00011641F /* ft_printf_data_p_u_x_o.c */,
				1BE5D5161FBE1BB00011641F /* ft_printf_data_print.c */,
				1BE5D5171FBE1BB00011641F /* ft_printf_data_s_wchar_t.c */,
				1BE5D5181FBE1BB00011641F /* ft_printf_format_parsing.c */,
				1BE5D5191FBE1BB00011641F /* ft_printf_help1.c */,
				1BE5D51A1FBE1BB00011641F /* ft_printf_itoa.c */,
				1BE5D51B1FBE1BB00011641F /* ft_printf_itoa_unsigned.c */,
				1BE5D51C1FBE1BB00011641F /* ft_printf_make_mem.c */,
				1BE5D51D1FBE1BB00011641F /* ft_printf_split_format.c */,
				1BE5D51E1FBE1BB00011641F /* ft_putchar.c */,
				1BE5D51F1FBE1BB00011641F /* ft_putchar_fd.c */,
				1BE5D5201FBE1BB00011641F /* ft_putendl.c */,
				1BE5D5211FBE1BB00011641F /* ft_putendl_fd.c */,
				1BE5D5221FBE1BB00011641F /* ft_putnbr.c */,
				1BE5D5231FBE1BB00011641F /* ft_putnbr_fd.c */,
				1BE5D5241FBE1BB00011641F /* ft_putstr.c */,
				1BE5D5251FBE1BB00011641F /* ft_putstr_fd.c */,
				1BE5D5261FBE1BB00011641F /* ft_strcat.c */,
				1BE5D5271FBE1BB00011641F /* ft_strchr.c */,
				1BE5D5281FBE1BB00011641F /* ft_strclr.c */,
				1BE5D5291FBE1BB00011641F /* ft_strcmp.c */,
				1BE5D52A1FBE1BB00011641F /* ft_strcpy.c */,
				1BE5D52B1FBE1BB00011641F /* ft_strdel.c */,
				1BE5D52C1FBE1BB00011641F /* ft_strdup.c */,
				1BE5D52D1FBE1BB00011641F /* ft_strequ.c */,
				1BE5D52E1FBE1BB00011641F /* ft_striter.c */,
				1BE5D52F1FBE1BB00011641F /* ft_striteri.c */,
				1BE5D5301FBE1BB00011641F /* ft_strjoin.c */,
				1BE5D5311FBE1BB00011641F /* ft_strlcat.c */,
				1BE5D5321FBE1BB00011641F /* ft_strlen.c */,
				1BE5D5331FBE1BB00011641F /* ft_strlenint.c */,
				1BE5D5341FBE1BB00011641F /* ft_strmap.c */,
				1BE5D5351FBE1BB00011641F /* ft_strmapi.c */,
				1BE5D5361FBE1BB00011641F /* ft_strncat.c */,
				1BE5D5371FBE1BB00011641F /* ft_strncmp.c */,
				1BE5D5381FBE1BB00011641F /* ft_strncpy.c */,
				1BE5D5391FBE1BB00011641F /* ft_strnequ.c */,
				1BE5D53A1FBE1BB00011641F /* ft_strnew.c */,
				1BE5D53B1FBE1BB00011641F /* ft_strnstr.c */,
				1BE5D53C1FBE1BB00011641F /* ft_strrchr.c */,
				1BE5D53D1FBE1BB00011641F /* ft_strsplit.c */,
				1BE5D53E1FBE1BB00011641F /* ft_strstr.c */,
				1BE5D53F1FBE1BB00011641F /* ft_strsub.c */,
				1BE5D5401FBE1BB00011641F /* ft_strtrim.c */,
				1BE5D5411FBE1BB00011641F /* ft_tolower.c */,
				1BE5D5421FBE1BB00011641F /* ft_toupper.c */,
				1BE5D5431FBE1BB00011641F /* get_next_line.c */,
				1BE5D5441FBE1BB00011641F /* libft.h */,
				1BE5D5451FBE1BB00011641F /* Makefile */,
			);
			sourceTree = "<group>";
		};
/* End PBXGroup section */

/* Begin PBXLegacyTarget section */
		1BE5D4F61FBE1BB00011641F /* libft */ = {
			isa = PBXLegacyTarget;
			buildArgumentsString = "$(ACTION)";
			buildConfigurationList = 1BE5D5461FBE1BB00011641F /* Build configuration list for PBXLegacyTarget "libft" */;
			buildPhases = (
			);
			buildToolPath = /usr/bin/make;
			buildWorkingDirectory = /Users/nsharova/corewar/libft;
			dependencies = (
			);
			name = libft;
			passBuildSettingsInEnvironment = 1;
			productName = libft;
		};
/* End PBXLegacyTarget section */

/* Begin PBXProject section */
		1BE5D4F21FBE1BB00011641F /* Project object */ = {
			isa = PBXProject;
			attributes = {
			};
			buildConfigurationList = 1BE5D4F51FBE1BB00011641F /* Build configuration list for PBXProject "libft" */;
			compatibilityVersion = "Xcode 3.2";
			developmentRegion = English;
			hasScannedForEncodings = 0;
			knownRegions = (
				en,
			);
			mainGroup = 1BE5D4F11FBE1BB00011641F;
			projectDirPath = "";
			projectRoot = "";
			targets = (
				1BE5D4F61FBE1BB00011641F /* libft */,
			);
		};
/* End PBXProject section */

/* Begin XCBuildConfiguration section */
		1BE5D4F31FBE1BB00011641F /* Debug */ = {
			isa = XCBuildConfiguration;
			buildSettings = {
				ARCHS = "$(ARCHS_STANDARD_32_BIT)";
				COPY_PHASE_STRIP = NO;
				GCC_WARN_ABOUT_RETURN_TYPE = YES;
				GCC_WARN_UNUSED_VARIABLE = YES;
				ONLY_ACTIVE_ARCH = YES;
				SDKROOT = macosx10.6;
			};
			name = Debug;
		};
		1BE5D4F41FBE1BB00011641F /* Release */ = {
			isa = XCBuildConfiguration;
			buildSettings = {
				ARCHS = "$(ARCHS_STANDARD_32_BIT)";
				COPY_PHASE_STRIP = YES;
				GCC_WARN_ABOUT_RETURN_TYPE = YES;
				GCC_WARN_UNUSED_VARIABLE = YES;
				SDKROOT = macosx10.6;
			};
			name = Release;
		};
		1BE5D5471FBE1BB00011641F /* Debug */ = {
			isa = XCBuildConfiguration;
			buildSettings = {
				COPY_PHASE_STRIP = NO;
				DEBUGGING_SYMBOLS = YES;
				GCC_DYNAMIC_NO_PIC = NO;
				GCC_ENABLE_FIX_AND_CONTINUE = YES;
				GCC_GENERATE_DEBUGGING_SYMBOLS = YES;
				GCC_OPTIMIZATION_LEVEL = 0;
				OTHER_CFLAGS = "";
				OTHER_LDFLAGS = "";
				PRODUCT_NAME = libft;
			};
			name = Debug;
		};
		1BE5D5481FBE1BB00011641F /* Release */ = {
			isa = XCBuildConfiguration;
			buildSettings = {
				COPY_PHASE_STRIP = YES;
				DEBUG_INFORMATION_FORMAT = "dwarf-with-dsym";
				GCC_ENABLE_FIX_AND_CONTINUE = NO;
				OTHER_CFLAGS = "";
				OTHER_LDFLAGS = "";
				PRODUCT_NAME = libft;
			};
			name = Release;
		};
/* End XCBuildConfiguration section */

/* Begin XCConfigurationList section */
		1BE5D4F51FBE1BB00011641F /* Build configuration list for PBXProject "libft" */ = {
			isa = XCConfigurationList;
			buildConfigurations = (
				1BE5D4F31FBE1BB00011641F /* Debug */,
				1BE5D4F41FBE1BB00011641F /* Release */,
			);
			defaultConfigurationIsVisible = 0;
			defaultConfigurationName = Release;
		};
		1BE5D5461FBE1BB00011641F /* Build configuration list for PBXLegacyTarget "libft" */ = {
			isa = XCConfigurationList;
			buildConfigurations = (
				1BE5D5471FBE1BB00011641F /* Debug */,
				1BE5D5481FBE1BB00011641F /* Release */,
			);
			defaultConfigurationIsVisible = 0;
			defaultConfigurationName = Release;
		};
/* End XCConfigurationList section */
	};
	rootObject = 1BE5D4F21FBE1BB00011641F /* Project object */;
}
